<?xml version="1.0" encoding="utf-8"?>
<Project ToolsVersion="17.0" xmlns="http://schemas.microsoft.com/developer/msbuild/2003">
  <ItemGroup>
    <CustomBuild Include="C:\Program Files\basilisk-2.2.1\CMakeFiles\e2a7cc89911a974e150794f5c38ad359\clang-format-check.rule">
      <Filter>CMake Rules</Filter>
    </CustomBuild>
    <CustomBuild Include="C:\Users\kay\.conan\data\zeromq\4.3.5\_\_\build\e9a552ebe8f994398de9ceee972f0ad207df0658\src\CMakeLists.txt" />
  </ItemGroup>
  <ItemGroup>
    <None Include="C:\Program Files\basilisk-2.2.1\CMakeFiles\clang-format-check" />
  </ItemGroup>
  <ItemGroup>
    <Filter Include="CMake Rules">
      <UniqueIdentifier>{611952CE-03D7-333F-AF99-BE6A984C9302}</UniqueIdentifier>
    </Filter>
  </ItemGroup>
</Project>
